github.com/davecgh/go-spew v1.1.0 h1:ZDRjVQ15GmhC3fiQ8ni8+OwkZQO4DARzQgrnXU1Liz8=
github.com/davecgh/go-spew v1.1.0/go.mod h1:J7Y8YcW2NihsgmVo/mv3lAwl/skON4iLHjSsI+c5H38=
github.com/pmezard/go-difflib v1.0.0 h1:4DBwDE0NGyQoBHbLQYPwSUPoCMWR5BEzIk/f1lZbAQM=
github.com/pmezard/go-difflib v1.0.0/go.mod h1:iKH77koFhYxTK1pcRnkKkqfTogsbg7gZNVY4sRDYZ/4=
github.com/rwcarlsen/goexif v0.0.0-20180518182100-8d986c03457a h1:ZDZdsnbMuRSoVbq1gR47o005lfn2OwODNCr23zh9gSk=
github.com/rwcarlsen/goexif v0.0.0-20180518182100-8d986c03457a/go.mod h1:hPqNNc0+uJM6H+SuU8sEs5K5IQeKccPqeSjfgcKGgPk=
github.com/rwcarlsen/goexif v0.0.0-20190318160743-2a313895547b h1:cFklxfhNjYzzEDjpFfvBb2Y/j7fsXuo4ec8Lse6THLI=
github.com/rwcarlsen/goexif v0.0.0-20190318160743-2a313895547b/go.mod h1:hPqNNc0+uJM6H+SuU8sEs5K5IQeKccPqeSjfgcKGgPk=
github.com/rwcarlsen/goexif v0.0.0-20190318165123-9b9b2bf71276 h1:ffiONAcW+N9nbkUYDAnaOgVaoE82oeeKA/XC6qIf6rM=
github.com/rwcarlsen/goexif v0.0.0-20190318165123-9b9b2bf71276/go.mod h1:hPqNNc0+uJM6H+SuU8sEs5K5IQeKccPqeSjfgcKGgPk=
github.com/rwcarlsen/goexif v0.0.0-20190318171057-76e3344f7516 h1:unvLzUrgn54Nhn5yJB8qUBr/a7wiZHQaJ/8Y4yTGAjE=
github.com/rwcarlsen/goexif v0.0.0-20190318171057-76e3344f7516/go.mod h1:hPqNNc0+uJM6H+SuU8sEs5K5IQeKccPqeSjfgcKGgPk=
github.com/stretchr/objx v0.1.0/go.mod h1:HFkY916IF+rwdDfMAkV7OtwuqBVzrE8GR6GFx+wExME=
github.com/stretchr/testify v1.3.0 h1:TivCn/peBQ7UY8ooIcPgZFpTNSz0Q2U6UrFlUfqbe0Q=
github.com/stretchr/testify v1.3.0/go.mod h1:M5WIy9Dh21IEIfnGCwXGc5bZfKNJtfHm1UVUgZn+9EI=
